
Microsoft Visual Studio Solution File, Format Version 12.00
Project("{FAE04EC0-301F-11D3-BF4B-00C04F79EFBC}") = "MemoryMQ", "MemoryMQ\MemoryMQ.csproj", "{ABF2FFF1-9A74-4592-824B-B8D83C661A24}"
EndProject
Project("{FAE04EC0-301F-11D3-BF4B-00C04F79EFBC}") = "MemoryMQ.Test", "MemoryMQ.Test\MemoryMQ.Test.csproj", "{1472E97C-6F13-4398-BD46-FC6CD58CCE15}"
EndProject
Project("{FAE04EC0-301F-11D3-BF4B-00C04F79EFBC}") = "MemoryMQ.Webapi", "MemoryMQ.Webapi\MemoryMQ.Webapi.csproj", "{D2149E84-260D-4B90-8FCA-31001BD43FAE}"
EndProject
Project("{FAE04EC0-301F-11D3-BF4B-00C04F79EFBC}") = "Memory.Benchmark", "Memory.Benchmark\Memory.Benchmark.csproj", "{BD7E9F4F-7F1A-412E-B215-113A5B765F7F}"
EndProject
Project("{2150E333-8FDC-42A3-9474-1A3956D46DE8}") = "src", "src", "{8F61330E-1728-4B77-9D5D-42116B0FA8FB}"
EndProject
Project("{2150E333-8FDC-42A3-9474-1A3956D46DE8}") = "test", "test", "{CB6211F6-D9B4-4161-BA6A-4C657BC4AE30}"
EndProject
Project("{2150E333-8FDC-42A3-9474-1A3956D46DE8}") = "sample", "sample", "{DEA09731-C6AE-4681-8295-7A5DBF23FCBC}"
EndProject
Global
	GlobalSection(SolutionConfigurationPlatforms) = preSolution
		Debug|Any CPU = Debug|Any CPU
		Release|Any CPU = Release|Any CPU
	EndGlobalSection
	GlobalSection(ProjectConfigurationPlatforms) = postSolution
		{ABF2FFF1-9A74-4592-824B-B8D83C661A24}.Debug|Any CPU.ActiveCfg = Debug|Any CPU
		{ABF2FFF1-9A74-4592-824B-B8D83C661A24}.Debug|Any CPU.Build.0 = Debug|Any CPU
		{ABF2FFF1-9A74-4592-824B-B8D83C661A24}.Release|Any CPU.ActiveCfg = Release|Any CPU
		{ABF2FFF1-9A74-4592-824B-B8D83C661A24}.Release|Any CPU.Build.0 = Release|Any CPU
		{1472E97C-6F13-4398-BD46-FC6CD58CCE15}.Debug|Any CPU.ActiveCfg = Debug|Any CPU
		{1472E97C-6F13-4398-BD46-FC6CD58CCE15}.Debug|Any CPU.Build.0 = Debug|Any CPU
		{1472E97C-6F13-4398-BD46-FC6CD58CCE15}.Release|Any CPU.ActiveCfg = Release|Any CPU
		{1472E97C-6F13-4398-BD46-FC6CD58CCE15}.Release|Any CPU.Build.0 = Release|Any CPU
		{D2149E84-260D-4B90-8FCA-31001BD43FAE}.Debug|Any CPU.ActiveCfg = Debug|Any CPU
		{D2149E84-260D-4B90-8FCA-31001BD43FAE}.Debug|Any CPU.Build.0 = Debug|Any CPU
		{D2149E84-260D-4B90-8FCA-31001BD43FAE}.Release|Any CPU.ActiveCfg = Release|Any CPU
		{D2149E84-260D-4B90-8FCA-31001BD43FAE}.Release|Any CPU.Build.0 = Release|Any CPU
		{BD7E9F4F-7F1A-412E-B215-113A5B765F7F}.Debug|Any CPU.ActiveCfg = Debug|Any CPU
		{BD7E9F4F-7F1A-412E-B215-113A5B765F7F}.Debug|Any CPU.Build.0 = Debug|Any CPU
		{BD7E9F4F-7F1A-412E-B215-113A5B765F7F}.Release|Any CPU.ActiveCfg = Release|Any CPU
		{BD7E9F4F-7F1A-412E-B215-113A5B765F7F}.Release|Any CPU.Build.0 = Release|Any CPU
	EndGlobalSection
	GlobalSection(NestedProjects) = preSolution
		{ABF2FFF1-9A74-4592-824B-B8D83C661A24} = {8F61330E-1728-4B77-9D5D-42116B0FA8FB}
		{BD7E9F4F-7F1A-412E-B215-113A5B765F7F} = {CB6211F6-D9B4-4161-BA6A-4C657BC4AE30}
		{1472E97C-6F13-4398-BD46-FC6CD58CCE15} = {CB6211F6-D9B4-4161-BA6A-4C657BC4AE30}
		{D2149E84-260D-4B90-8FCA-31001BD43FAE} = {DEA09731-C6AE-4681-8295-7A5DBF23FCBC}
	EndGlobalSection
EndGlobal
